// !$*UTF8*$!
{
	archiveVersion = 1;
	classes = {
	};
	objectVersion = 56;
	objects = {

/* Begin PBXBuildFile section */
		E1175B272B17D16000F432FB /* ExpandAndCollapse+TableView.swift in Sources */ = {isa = PBXBuildFile; fileRef = E1175B262B17D16000F432FB /* ExpandAndCollapse+TableView.swift */; };
		E125568E2B14E878008B43E4 /* AppDelegate.swift in Sources */ = {isa = PBXBuildFile; fileRef = E125568D2B14E878008B43E4 /* AppDelegate.swift */; };
		E12556902B14E878008B43E4 /* SceneDelegate.swift in Sources */ = {isa = PBXBuildFile; fileRef = E125568F2B14E878008B43E4 /* SceneDelegate.swift */; };
		E12556972B14E87A008B43E4 /* Assets.xcassets in Resources */ = {isa = PBXBuildFile; fileRef = E12556962B14E87A008B43E4 /* Assets.xcassets */; };
		E125569A2B14E87A008B43E4 /* LaunchScreen.storyboard in Resources */ = {isa = PBXBuildFile; fileRef = E12556982B14E87A008B43E4 /* LaunchScreen.storyboard */; };
		E12556B32B14F034008B43E4 /* Color Palette.xcassets in Resources */ = {isa = PBXBuildFile; fileRef = E12556B22B14F034008B43E4 /* Color Palette.xcassets */; };
		E12556B52B14F204008B43E4 /* HomeViewController.swift in Sources */ = {isa = PBXBuildFile; fileRef = E12556B42B14F204008B43E4 /* HomeViewController.swift */; };
		E12556B72B14F20B008B43E4 /* Home.storyboard in Resources */ = {isa = PBXBuildFile; fileRef = E12556B62B14F20B008B43E4 /* Home.storyboard */; };
		E12556B92B14F2A8008B43E4 /* Constants.swift in Sources */ = {isa = PBXBuildFile; fileRef = E12556B82B14F2A8008B43E4 /* Constants.swift */; };
		E12556BD2B14F332008B43E4 /* PlanCollectionViewCell.swift in Sources */ = {isa = PBXBuildFile; fileRef = E12556BB2B14F332008B43E4 /* PlanCollectionViewCell.swift */; };
		E12556BE2B14F332008B43E4 /* PlanCollectionViewCell.xib in Resources */ = {isa = PBXBuildFile; fileRef = E12556BC2B14F332008B43E4 /* PlanCollectionViewCell.xib */; };
		E188B5F02B1752C000F11C7A /* ExpandableTwoViewController.swift in Sources */ = {isa = PBXBuildFile; fileRef = E188B5EF2B1752C000F11C7A /* ExpandableTwoViewController.swift */; };
		E188B5F52B176EF200F11C7A /* HeaderTableViewCell.swift in Sources */ = {isa = PBXBuildFile; fileRef = E188B5F32B176EF200F11C7A /* HeaderTableViewCell.swift */; };
		E188B5F62B176EF200F11C7A /* HeaderTableViewCell.xib in Resources */ = {isa = PBXBuildFile; fileRef = E188B5F42B176EF200F11C7A /* HeaderTableViewCell.xib */; };
		E188B5F82B1782F400F11C7A /* FinalViewController.swift in Sources */ = {isa = PBXBuildFile; fileRef = E188B5F72B1782F400F11C7A /* FinalViewController.swift */; };
		E18B3A9B2B16171A00302C96 /* PlansTableViewCell.swift in Sources */ = {isa = PBXBuildFile; fileRef = E18B3A992B16171A00302C96 /* PlansTableViewCell.swift */; };
		E18B3A9C2B16171A00302C96 /* PlansTableViewCell.xib in Resources */ = {isa = PBXBuildFile; fileRef = E18B3A9A2B16171A00302C96 /* PlansTableViewCell.xib */; };
		E1C9F42D2B15ED6A007DDDF5 /* BaseViewController.swift in Sources */ = {isa = PBXBuildFile; fileRef = E1C9F42C2B15ED6A007DDDF5 /* BaseViewController.swift */; };
		E1C9F4302B15F3B3007DDDF5 /* ExpandAndCollapseViewController.swift in Sources */ = {isa = PBXBuildFile; fileRef = E1C9F42F2B15F3B3007DDDF5 /* ExpandAndCollapseViewController.swift */; };
		E1C9F4362B15F63D007DDDF5 /* CreditAmountTableViewCell.swift in Sources */ = {isa = PBXBuildFile; fileRef = E1C9F4342B15F63D007DDDF5 /* CreditAmountTableViewCell.swift */; };
		E1C9F4372B15F63D007DDDF5 /* CreditAmountTableViewCell.xib in Resources */ = {isa = PBXBuildFile; fileRef = E1C9F4352B15F63D007DDDF5 /* CreditAmountTableViewCell.xib */; };
		E1D3869C2B1624130066E83F /* ButtonClipTableViewCell.swift in Sources */ = {isa = PBXBuildFile; fileRef = E1D3869A2B1624130066E83F /* ButtonClipTableViewCell.swift */; };
		E1D3869D2B1624130066E83F /* ButtonClipTableViewCell.xib in Resources */ = {isa = PBXBuildFile; fileRef = E1D3869B2B1624130066E83F /* ButtonClipTableViewCell.xib */; };
		E1D386A02B16281D0066E83F /* BankInfoTableViewCell.swift in Sources */ = {isa = PBXBuildFile; fileRef = E1D3869E2B16281D0066E83F /* BankInfoTableViewCell.swift */; };
		E1D386A12B16281D0066E83F /* BankInfoTableViewCell.xib in Resources */ = {isa = PBXBuildFile; fileRef = E1D3869F2B16281D0066E83F /* BankInfoTableViewCell.xib */; };
/* End PBXBuildFile section */

/* Begin PBXFileReference section */
		E1175B262B17D16000F432FB /* ExpandAndCollapse+TableView.swift */ = {isa = PBXFileReference; lastKnownFileType = sourcecode.swift; path = "ExpandAndCollapse+TableView.swift"; sourceTree = "<group>"; };
		E125568A2B14E878008B43E4 /* CRED.app */ = {isa = PBXFileReference; explicitFileType = wrapper.application; includeInIndex = 0; path = CRED.app; sourceTree = BUILT_PRODUCTS_DIR; };
		E125568D2B14E878008B43E4 /* AppDelegate.swift */ = {isa = PBXFileReference; lastKnownFileType = sourcecode.swift; path = AppDelegate.swift; sourceTree = "<group>"; };
		E125568F2B14E878008B43E4 /* SceneDelegate.swift */ = {isa = PBXFileReference; lastKnownFileType = sourcecode.swift; path = SceneDelegate.swift; sourceTree = "<group>"; };
		E12556962B14E87A008B43E4 /* Assets.xcassets */ = {isa = PBXFileReference; lastKnownFileType = folder.assetcatalog; path = Assets.xcassets; sourceTree = "<group>"; };
		E12556992B14E87A008B43E4 /* Base */ = {isa = PBXFileReference; lastKnownFileType = file.storyboard; name = Base; path = Base.lproj/LaunchScreen.storyboard; sourceTree = "<group>"; };
		E125569B2B14E87A008B43E4 /* Info.plist */ = {isa = PBXFileReference; lastKnownFileType = text.plist.xml; path = Info.plist; sourceTree = "<group>"; };
		E12556B22B14F034008B43E4 /* Color Palette.xcassets */ = {isa = PBXFileReference; lastKnownFileType = folder.assetcatalog; path = "Color Palette.xcassets"; sourceTree = "<group>"; };
		E12556B42B14F204008B43E4 /* HomeViewController.swift */ = {isa = PBXFileReference; lastKnownFileType = sourcecode.swift; path = HomeViewController.swift; sourceTree = "<group>"; };
		E12556B62B14F20B008B43E4 /* Home.storyboard */ = {isa = PBXFileReference; lastKnownFileType = file.storyboard; path = Home.storyboard; sourceTree = "<group>"; };
		E12556B82B14F2A8008B43E4 /* Constants.swift */ = {isa = PBXFileReference; lastKnownFileType = sourcecode.swift; path = Constants.swift; sourceTree = "<group>"; };
		E12556BB2B14F332008B43E4 /* PlanCollectionViewCell.swift */ = {isa = PBXFileReference; lastKnownFileType = sourcecode.swift; path = PlanCollectionViewCell.swift; sourceTree = "<group>"; };
		E12556BC2B14F332008B43E4 /* PlanCollectionViewCell.xib */ = {isa = PBXFileReference; lastKnownFileType = file.xib; path = PlanCollectionViewCell.xib; sourceTree = "<group>"; };
		E188B5EF2B1752C000F11C7A /* ExpandableTwoViewController.swift */ = {isa = PBXFileReference; lastKnownFileType = sourcecode.swift; path = ExpandableTwoViewController.swift; sourceTree = "<group>"; };
		E188B5F32B176EF200F11C7A /* HeaderTableViewCell.swift */ = {isa = PBXFileReference; lastKnownFileType = sourcecode.swift; path = HeaderTableViewCell.swift; sourceTree = "<group>"; };
		E188B5F42B176EF200F11C7A /* HeaderTableViewCell.xib */ = {isa = PBXFileReference; lastKnownFileType = file.xib; path = HeaderTableViewCell.xib; sourceTree = "<group>"; };
		E188B5F72B1782F400F11C7A /* FinalViewController.swift */ = {isa = PBXFileReference; lastKnownFileType = sourcecode.swift; path = FinalViewController.swift; sourceTree = "<group>"; };
		E18B3A992B16171A00302C96 /* PlansTableViewCell.swift */ = {isa = PBXFileReference; lastKnownFileType = sourcecode.swift; path = PlansTableViewCell.swift; sourceTree = "<group>"; };
		E18B3A9A2B16171A00302C96 /* PlansTableViewCell.xib */ = {isa = PBXFileReference; lastKnownFileType = file.xib; path = PlansTableViewCell.xib; sourceTree = "<group>"; };
		E1C9F42C2B15ED6A007DDDF5 /* BaseViewController.swift */ = {isa = PBXFileReference; lastKnownFileType = sourcecode.swift; path = BaseViewController.swift; sourceTree = "<group>"; };
		E1C9F42F2B15F3B3007DDDF5 /* ExpandAndCollapseViewController.swift */ = {isa = PBXFileReference; lastKnownFileType = sourcecode.swift; path = ExpandAndCollapseViewController.swift; sourceTree = "<group>"; };
		E1C9F4342B15F63D007DDDF5 /* CreditAmountTableViewCell.swift */ = {isa = PBXFileReference; lastKnownFileType = sourcecode.swift; path = CreditAmountTableViewCell.swift; sourceTree = "<group>"; };
		E1C9F4352B15F63D007DDDF5 /* CreditAmountTableViewCell.xib */ = {isa = PBXFileReference; lastKnownFileType = file.xib; path = CreditAmountTableViewCell.xib; sourceTree = "<group>"; };
		E1D3869A2B1624130066E83F /* ButtonClipTableViewCell.swift */ = {isa = PBXFileReference; lastKnownFileType = sourcecode.swift; path = ButtonClipTableViewCell.swift; sourceTree = "<group>"; };
		E1D3869B2B1624130066E83F /* ButtonClipTableViewCell.xib */ = {isa = PBXFileReference; lastKnownFileType = file.xib; path = ButtonClipTableViewCell.xib; sourceTree = "<group>"; };
		E1D3869E2B16281D0066E83F /* BankInfoTableViewCell.swift */ = {isa = PBXFileReference; lastKnownFileType = sourcecode.swift; path = BankInfoTableViewCell.swift; sourceTree = "<group>"; };
		E1D3869F2B16281D0066E83F /* BankInfoTableViewCell.xib */ = {isa = PBXFileReference; lastKnownFileType = file.xib; path = BankInfoTableViewCell.xib; sourceTree = "<group>"; };
/* End PBXFileReference section */

/* Begin PBXFrameworksBuildPhase section */
		E12556872B14E878008B43E4 /* Frameworks */ = {
			isa = PBXFrameworksBuildPhase;
			buildActionMask = 2147483647;
			files = (
			);
			runOnlyForDeploymentPostprocessing = 0;
		};
/* End PBXFrameworksBuildPhase section */

/* Begin PBXGroup section */
		E1175B252B17CF2B00F432FB /* Final Destination */ = {
			isa = PBXGroup;
			children = (
				E188B5F72B1782F400F11C7A /* FinalViewController.swift */,
			);
			path = "Final Destination";
			sourceTree = "<group>";
		};
		E1175B282B17D29200F432FB /* Views */ = {
			isa = PBXGroup;
			children = (
				E1C9F42F2B15F3B3007DDDF5 /* ExpandAndCollapseViewController.swift */,
				E1175B262B17D16000F432FB /* ExpandAndCollapse+TableView.swift */,
				E12556BF2B14F336008B43E4 /* Collection Cells */,
				E1C9F4382B15F644007DDDF5 /* Table Cell */,
			);
			path = Views;
			sourceTree = "<group>";
		};
		E12556812B14E878008B43E4 = {
			isa = PBXGroup;
			children = (
				E125568C2B14E878008B43E4 /* CRED */,
				E125568B2B14E878008B43E4 /* Products */,
			);
			sourceTree = "<group>";
		};
		E125568B2B14E878008B43E4 /* Products */ = {
			isa = PBXGroup;
			children = (
				E125568A2B14E878008B43E4 /* CRED.app */,
			);
			name = Products;
			sourceTree = "<group>";
		};
		E125568C2B14E878008B43E4 /* CRED */ = {
			isa = PBXGroup;
			children = (
				E12556B02B14EEAC008B43E4 /* App Lifecycle */,
				E12556AF2B14EE9D008B43E4 /* Modules */,
				E1C9F42E2B15ED70007DDDF5 /* Comman */,
				E12556B12B14EEBD008B43E4 /* Resources */,
				E125569B2B14E87A008B43E4 /* Info.plist */,
			);
			path = CRED;
			sourceTree = "<group>";
		};
		E12556AF2B14EE9D008B43E4 /* Modules */ = {
			isa = PBXGroup;
			children = (
				E12556BA2B14F2FA008B43E4 /* Home */,
				E1C9F4332B15F4AE007DDDF5 /* Expand & Collapse */,
				E188B5EF2B1752C000F11C7A /* ExpandableTwoViewController.swift */,
				E1175B252B17CF2B00F432FB /* Final Destination */,
			);
			path = Modules;
			sourceTree = "<group>";
		};
		E12556B02B14EEAC008B43E4 /* App Lifecycle */ = {
			isa = PBXGroup;
			children = (
				E125568D2B14E878008B43E4 /* AppDelegate.swift */,
				E125568F2B14E878008B43E4 /* SceneDelegate.swift */,
			);
			path = "App Lifecycle";
			sourceTree = "<group>";
		};
		E12556B12B14EEBD008B43E4 /* Resources */ = {
			isa = PBXGroup;
			children = (
				E12556962B14E87A008B43E4 /* Assets.xcassets */,
				E12556B22B14F034008B43E4 /* Color Palette.xcassets */,
				E12556982B14E87A008B43E4 /* LaunchScreen.storyboard */,
			);
			path = Resources;
			sourceTree = "<group>";
		};
		E12556BA2B14F2FA008B43E4 /* Home */ = {
			isa = PBXGroup;
			children = (
				E12556B42B14F204008B43E4 /* HomeViewController.swift */,
				E12556B62B14F20B008B43E4 /* Home.storyboard */,
			);
			path = Home;
			sourceTree = "<group>";
		};
		E12556BF2B14F336008B43E4 /* Collection Cells */ = {
			isa = PBXGroup;
			children = (
				E12556BB2B14F332008B43E4 /* PlanCollectionViewCell.swift */,
				E12556BC2B14F332008B43E4 /* PlanCollectionViewCell.xib */,
			);
			path = "Collection Cells";
			sourceTree = "<group>";
		};
		E1C9F42E2B15ED70007DDDF5 /* Comman */ = {
			isa = PBXGroup;
			children = (
				E12556B82B14F2A8008B43E4 /* Constants.swift */,
				E1C9F42C2B15ED6A007DDDF5 /* BaseViewController.swift */,
			);
			path = Comman;
			sourceTree = "<group>";
		};
		E1C9F4332B15F4AE007DDDF5 /* Expand & Collapse */ = {
			isa = PBXGroup;
			children = (
				E1175B282B17D29200F432FB /* Views */,
			);
			path = "Expand & Collapse";
			sourceTree = "<group>";
		};
		E1C9F4382B15F644007DDDF5 /* Table Cell */ = {
			isa = PBXGroup;
			children = (
				E1C9F4342B15F63D007DDDF5 /* CreditAmountTableViewCell.swift */,
				E1C9F4352B15F63D007DDDF5 /* CreditAmountTableViewCell.xib */,
				E18B3A992B16171A00302C96 /* PlansTableViewCell.swift */,
				E18B3A9A2B16171A00302C96 /* PlansTableViewCell.xib */,
				E1D3869A2B1624130066E83F /* ButtonClipTableViewCell.swift */,
				E1D3869B2B1624130066E83F /* ButtonClipTableViewCell.xib */,
				E1D3869E2B16281D0066E83F /* BankInfoTableViewCell.swift */,
				E1D3869F2B16281D0066E83F /* BankInfoTableViewCell.xib */,
				E188B5F32B176EF200F11C7A /* HeaderTableViewCell.swift */,
				E188B5F42B176EF200F11C7A /* HeaderTableViewCell.xib */,
			);
			path = "Table Cell";
			sourceTree = "<group>";
		};
/* End PBXGroup section */

/* Begin PBXNativeTarget section */
		E12556892B14E878008B43E4 /* CRED */ = {
			isa = PBXNativeTarget;
			buildConfigurationList = E125569E2B14E87A008B43E4 /* Build configuration list for PBXNativeTarget "CRED" */;
			buildPhases = (
				E12556862B14E878008B43E4 /* Sources */,
				E12556872B14E878008B43E4 /* Frameworks */,
				E12556882B14E878008B43E4 /* Resources */,
			);
			buildRules = (
			);
			dependencies = (
			);
			name = CRED;
			productName = CRED;
			productReference = E125568A2B14E878008B43E4 /* CRED.app */;
			productType = "com.apple.product-type.application";
		};
/* End PBXNativeTarget section */

/* Begin PBXProject section */
		E12556822B14E878008B43E4 /* Project object */ = {
			isa = PBXProject;
			attributes = {
				BuildIndependentTargetsInParallel = 1;
				LastSwiftUpdateCheck = 1500;
				LastUpgradeCheck = 1500;
				TargetAttributes = {
					E12556892B14E878008B43E4 = {
						CreatedOnToolsVersion = 15.0.1;
					};
				};
			};
			buildConfigurationList = E12556852B14E878008B43E4 /* Build configuration list for PBXProject "CRED" */;
			compatibilityVersion = "Xcode 14.0";
			developmentRegion = en;
			hasScannedForEncodings = 0;
			knownRegions = (
				en,
				Base,
			);
			mainGroup = E12556812B14E878008B43E4;
			productRefGroup = E125568B2B14E878008B43E4 /* Products */;
			projectDirPath = "";
			projectRoot = "";
			targets = (
				E12556892B14E878008B43E4 /* CRED */,
			);
		};
/* End PBXProject section */

/* Begin PBXResourcesBuildPhase section */
		E12556882B14E878008B43E4 /* Resources */ = {
			isa = PBXResourcesBuildPhase;
			buildActionMask = 2147483647;
			files = (
				E18B3A9C2B16171A00302C96 /* PlansTableViewCell.xib in Resources */,
				E12556BE2B14F332008B43E4 /* PlanCollectionViewCell.xib in Resources */,
				E1D386A12B16281D0066E83F /* BankInfoTableViewCell.xib in Resources */,
				E12556B32B14F034008B43E4 /* Color Palette.xcassets in Resources */,
				E12556B72B14F20B008B43E4 /* Home.storyboard in Resources */,
				E188B5F62B176EF200F11C7A /* HeaderTableViewCell.xib in Resources */,
				E125569A2B14E87A008B43E4 /* LaunchScreen.storyboard in Resources */,
				E1D3869D2B1624130066E83F /* ButtonClipTableViewCell.xib in Resources */,
				E12556972B14E87A008B43E4 /* Assets.xcassets in Resources */,
				E1C9F4372B15F63D007DDDF5 /* CreditAmountTableViewCell.xib in Resources */,
			);
			runOnlyForDeploymentPostprocessing = 0;
		};
/* End PBXResourcesBuildPhase section */

/* Begin PBXSourcesBuildPhase section */
		E12556862B14E878008B43E4 /* Sources */ = {
			isa = PBXSourcesBuildPhase;
			buildActionMask = 2147483647;
			files = (
				E125568E2B14E878008B43E4 /* AppDelegate.swift in Sources */,
				E12556902B14E878008B43E4 /* SceneDelegate.swift in Sources */,
				E12556BD2B14F332008B43E4 /* PlanCollectionViewCell.swift in Sources */,
				E1C9F4302B15F3B3007DDDF5 /* ExpandAndCollapseViewController.swift in Sources */,
				E1C9F4362B15F63D007DDDF5 /* CreditAmountTableViewCell.swift in Sources */,
				E18B3A9B2B16171A00302C96 /* PlansTableViewCell.swift in Sources */,
				E12556B52B14F204008B43E4 /* HomeViewController.swift in Sources */,
				E188B5F02B1752C000F11C7A /* ExpandableTwoViewController.swift in Sources */,
				E1D386A02B16281D0066E83F /* BankInfoTableViewCell.swift in Sources */,
				E188B5F82B1782F400F11C7A /* FinalViewController.swift in Sources */,
				E188B5F52B176EF200F11C7A /* HeaderTableViewCell.swift in Sources */,
				E1175B272B17D16000F432FB /* ExpandAndCollapse+TableView.swift in Sources */,
				E1D3869C2B1624130066E83F /* ButtonClipTableViewCell.swift in Sources */,
				E12556B92B14F2A8008B43E4 /* Constants.swift in Sources */,
				E1C9F42D2B15ED6A007DDDF5 /* BaseViewController.swift in Sources */,
			);
			runOnlyForDeploymentPostprocessing = 0;
		};
/* End PBXSourcesBuildPhase section */

/* Begin PBXVariantGroup section */
		E12556982B14E87A008B43E4 /* LaunchScreen.storyboard */ = {
			isa = PBXVariantGroup;
			children = (
				E12556992B14E87A008B43E4 /* Base */,
			);
			name = LaunchScreen.storyboard;
			sourceTree = "<group>";
		};
/* End PBXVariantGroup section */

/* Begin XCBuildConfiguration section */
		E125569C2B14E87A008B43E4 /* Debug */ = {
			isa = XCBuildConfiguration;
			buildSettings = {
				ALWAYS_SEARCH_USER_PATHS = NO;
				ASSETCATALOG_COMPILER_GENERATE_SWIFT_ASSET_SYMBOL_EXTENSIONS = YES;
				CLANG_ANALYZER_NONNULL = YES;
				CLANG_ANALYZER_NUMBER_OBJECT_CONVERSION = YES_AGGRESSIVE;
				CLANG_CXX_LANGUAGE_STANDARD = "gnu++20";
				CLANG_ENABLE_MODULES = YES;
				CLANG_ENABLE_OBJC_ARC = YES;
				CLANG_ENABLE_OBJC_WEAK = YES;
				CLANG_WARN_BLOCK_CAPTURE_AUTORELEASING = YES;
				CLANG_WARN_BOOL_CONVERSION = YES;
				CLANG_WARN_COMMA = YES;
				CLANG_WARN_CONSTANT_CONVERSION = YES;
				CLANG_WARN_DEPRECATED_OBJC_IMPLEMENTATIONS = YES;
				CLANG_WARN_DIRECT_OBJC_ISA_USAGE = YES_ERROR;
				CLANG_WARN_DOCUMENTATION_COMMENTS = YES;
				CLANG_WARN_EMPTY_BODY = YES;
				CLANG_WARN_ENUM_CONVERSION = YES;
				CLANG_WARN_INFINITE_RECURSION = YES;
				CLANG_WARN_INT_CONVERSION = YES;
				CLANG_WARN_NON_LITERAL_NULL_CONVERSION = YES;
				CLANG_WARN_OBJC_IMPLICIT_RETAIN_SELF = YES;
				CLANG_WARN_OBJC_LITERAL_CONVERSION = YES;
				CLANG_WARN_OBJC_ROOT_CLASS = YES_ERROR;
				CLANG_WARN_QUOTED_INCLUDE_IN_FRAMEWORK_HEADER = YES;
				CLANG_WARN_RANGE_LOOP_ANALYSIS = YES;
				CLANG_WARN_STRICT_PROTOTYPES = YES;
				CLANG_WARN_SUSPICIOUS_MOVE = YES;
				CLANG_WARN_UNGUARDED_AVAILABILITY = YES_AGGRESSIVE;
				CLANG_WARN_UNREACHABLE_CODE = YES;
				CLANG_WARN__DUPLICATE_METHOD_MATCH = YES;
				COPY_PHASE_STRIP = NO;
				DEBUG_INFORMATION_FORMAT = dwarf;
				ENABLE_STRICT_OBJC_MSGSEND = YES;
				ENABLE_TESTABILITY = YES;
				ENABLE_USER_SCRIPT_SANDBOXING = YES;
				GCC_C_LANGUAGE_STANDARD = gnu17;
				GCC_DYNAMIC_NO_PIC = NO;
				GCC_NO_COMMON_BLOCKS = YES;
				GCC_OPTIMIZATION_LEVEL = 0;
				GCC_PREPROCESSOR_DEFINITIONS = (
					"DEBUG=1",
					"$(inherited)",
				);
				GCC_WARN_64_TO_32_BIT_CONVERSION = YES;
				GCC_WARN_ABOUT_RETURN_TYPE = YES_ERROR;
				GCC_WARN_UNDECLARED_SELECTOR = YES;
				GCC_WARN_UNINITIALIZED_AUTOS = YES_AGGRESSIVE;
				GCC_WARN_UNUSED_FUNCTION = YES;
				GCC_WARN_UNUSED_VARIABLE = YES;
				IPHONEOS_DEPLOYMENT_TARGET = 17.0;
				LOCALIZATION_PREFERS_STRING_CATALOGS = YES;
				MTL_ENABLE_DEBUG_INFO = INCLUDE_SOURCE;
				MTL_FAST_MATH = YES;
				ONLY_ACTIVE_ARCH = YES;
				SDKROOT = iphoneos;
				SWIFT_ACTIVE_COMPILATION_CONDITIONS = "DEBUG $(inherited)";
				SWIFT_OPTIMIZATION_LEVEL = "-Onone";
			};
			name = Debug;
		};
		E125569D2B14E87A008B43E4 /* Release */ = {
			isa = XCBuildConfiguration;
			buildSettings = {
				ALWAYS_SEARCH_USER_PATHS = NO;
				ASSETCATALOG_COMPILER_GENERATE_SWIFT_ASSET_SYMBOL_EXTENSIONS = YES;
				CLANG_ANALYZER_NONNULL = YES;
				CLANG_ANALYZER_NUMBER_OBJECT_CONVERSION = YES_AGGRESSIVE;
				CLANG_CXX_LANGUAGE_STANDARD = "gnu++20";
				CLANG_ENABLE_MODULES = YES;
				CLANG_ENABLE_OBJC_ARC = YES;
				CLANG_ENABLE_OBJC_WEAK = YES;
				CLANG_WARN_BLOCK_CAPTURE_AUTORELEASING = YES;
				CLANG_WARN_BOOL_CONVERSION = YES;
				CLANG_WARN_COMMA = YES;
				CLANG_WARN_CONSTANT_CONVERSION = YES;
				CLANG_WARN_DEPRECATED_OBJC_IMPLEMENTATIONS = YES;
				CLANG_WARN_DIRECT_OBJC_ISA_USAGE = YES_ERROR;
				CLANG_WARN_DOCUMENTATION_COMMENTS = YES;
				CLANG_WARN_EMPTY_BODY = YES;
				CLANG_WARN_ENUM_CONVERSION = YES;
				CLANG_WARN_INFINITE_RECURSION = YES;
				CLANG_WARN_INT_CONVERSION = YES;
				CLANG_WARN_NON_LITERAL_NULL_CONVERSION = YES;
				CLANG_WARN_OBJC_IMPLICIT_RETAIN_SELF = YES;
				CLANG_WARN_OBJC_LITERAL_CONVERSION = YES;
				CLANG_WARN_OBJC_ROOT_CLASS = YES_ERROR;
				CLANG_WARN_QUOTED_INCLUDE_IN_FRAMEWORK_HEADER = YES;
				CLANG_WARN_RANGE_LOOP_ANALYSIS = YES;
				CLANG_WARN_STRICT_PROTOTYPES = YES;
				CLANG_WARN_SUSPICIOUS_MOVE = YES;
				CLANG_WARN_UNGUARDED_AVAILABILITY = YES_AGGRESSIVE;
				CLANG_WARN_UNREACHABLE_CODE = YES;
				CLANG_WARN__DUPLICATE_METHOD_MATCH = YES;
				COPY_PHASE_STRIP = NO;
				DEBUG_INFORMATION_FORMAT = "dwarf-with-dsym";
				ENABLE_NS_ASSERTIONS = NO;
				ENABLE_STRICT_OBJC_MSGSEND = YES;
				ENABLE_USER_SCRIPT_SANDBOXING = YES;
				GCC_C_LANGUAGE_STANDARD = gnu17;
				GCC_NO_COMMON_BLOCKS = YES;
				GCC_WARN_64_TO_32_BIT_CONVERSION = YES;
				GCC_WARN_ABOUT_RETURN_TYPE = YES_ERROR;
				GCC_WARN_UNDECLARED_SELECTOR = YES;
				GCC_WARN_UNINITIALIZED_AUTOS = YES_AGGRESSIVE;
				GCC_WARN_UNUSED_FUNCTION = YES;
				GCC_WARN_UNUSED_VARIABLE = YES;
				IPHONEOS_DEPLOYMENT_TARGET = 17.0;
				LOCALIZATION_PREFERS_STRING_CATALOGS = YES;
				MTL_ENABLE_DEBUG_INFO = NO;
				MTL_FAST_MATH = YES;
				SDKROOT = iphoneos;
				SWIFT_COMPILATION_MODE = wholemodule;
				VALIDATE_PRODUCT = YES;
			};
			name = Release;
		};
		E125569F2B14E87A008B43E4 /* Debug */ = {
			isa = XCBuildConfiguration;
			buildSettings = {
				ASSETCATALOG_COMPILER_APPICON_NAME = AppIcon;
				ASSETCATALOG_COMPILER_GLOBAL_ACCENT_COLOR_NAME = AccentColor;
				CODE_SIGN_STYLE = Automatic;
				CURRENT_PROJECT_VERSION = 1;
				DEVELOPMENT_TEAM = QA6K73HN4W;
				GENERATE_INFOPLIST_FILE = YES;
				INFOPLIST_FILE = CRED/Info.plist;
				INFOPLIST_KEY_UIApplicationSupportsIndirectInputEvents = YES;
				INFOPLIST_KEY_UILaunchStoryboardName = LaunchScreen;
				INFOPLIST_KEY_UIMainStoryboardFile = Home;
				INFOPLIST_KEY_UISupportedInterfaceOrientations_iPad = "UIInterfaceOrientationPortrait UIInterfaceOrientationPortraitUpsideDown UIInterfaceOrientationLandscapeLeft UIInterfaceOrientationLandscapeRight";
				INFOPLIST_KEY_UISupportedInterfaceOrientations_iPhone = "UIInterfaceOrientationPortrait UIInterfaceOrientationLandscapeLeft UIInterfaceOrientationLandscapeRight";
				LD_RUNPATH_SEARCH_PATHS = (
					"$(inherited)",
					"@executable_path/Frameworks",
				);
				MARKETING_VERSION = 1.0;
				PRODUCT_BUNDLE_IDENTIFIER = SRK.CRED;
				PRODUCT_NAME = "$(TARGET_NAME)";
				SWIFT_EMIT_LOC_STRINGS = YES;
				SWIFT_VERSION = 5.0;
				TARGETED_DEVICE_FAMILY = "1,2";
			};
			name = Debug;
		};
		E12556A02B14E87A008B43E4 /* Release */ = {
			isa = XCBuildConfiguration;
			buildSettings = {
				ASSETCATALOG_COMPILER_APPICON_NAME = AppIcon;
				ASSETCATALOG_COMPILER_GLOBAL_ACCENT_COLOR_NAME = AccentColor;
				CODE_SIGN_STYLE = Automatic;
				CURRENT_PROJECT_VERSION = 1;
				DEVELOPMENT_TEAM = QA6K73HN4W;
				GENERATE_INFOPLIST_FILE = YES;
				INFOPLIST_FILE = CRED/Info.plist;
				INFOPLIST_KEY_UIApplicationSupportsIndirectInputEvents = YES;
				INFOPLIST_KEY_UILaunchStoryboardName = LaunchScreen;
				INFOPLIST_KEY_UIMainStoryboardFile = Home;
				INFOPLIST_KEY_UISupportedInterfaceOrientations_iPad = "UIInterfaceOrientationPortrait UIInterfaceOrientationPortraitUpsideDown UIInterfaceOrientationLandscapeLeft UIInterfaceOrientationLandscapeRight";
				INFOPLIST_KEY_UISupportedInterfaceOrientations_iPhone = "UIInterfaceOrientationPortrait UIInterfaceOrientationLandscapeLeft UIInterfaceOrientationLandscapeRight";
				LD_RUNPATH_SEARCH_PATHS = (
					"$(inherited)",
					"@executable_path/Frameworks",
				);
				MARKETING_VERSION = 1.0;
				PRODUCT_BUNDLE_IDENTIFIER = SRK.CRED;
				PRODUCT_NAME = "$(TARGET_NAME)";
				SWIFT_EMIT_LOC_STRINGS = YES;
				SWIFT_VERSION = 5.0;
				TARGETED_DEVICE_FAMILY = "1,2";
			};
			name = Release;
		};
/* End XCBuildConfiguration section */

/* Begin XCConfigurationList section */
		E12556852B14E878008B43E4 /* Build configuration list for PBXProject "CRED" */ = {
			isa = XCConfigurationList;
			buildConfigurations = (
				E125569C2B14E87A008B43E4 /* Debug */,
				E125569D2B14E87A008B43E4 /* Release */,
			);
			defaultConfigurationIsVisible = 0;
			defaultConfigurationName = Release;
		};
		E125569E2B14E87A008B43E4 /* Build configuration list for PBXNativeTarget "CRED" */ = {
			isa = XCConfigurationList;
			buildConfigurations = (
				E125569F2B14E87A008B43E4 /* Debug */,
				E12556A02B14E87A008B43E4 /* Release */,
			);
			defaultConfigurationIsVisible = 0;
			defaultConfigurationName = Release;
		};
/* End XCConfigurationList section */
	};
	rootObject = E12556822B14E878008B43E4 /* Project object */;
}
